# This file is automatically @generated by Poetry 1.8.5 and should not be changed by hand.

[[package]]
name = "login"
version = "0.0.6"
description = "Module for common login service"
optional = false
python-versions = ">=3"
files = [
    {file = "login-0.0.6.tar.gz", hash = "sha256:d3edf1e1a9ac26f43c4db7e2beb7649e411087f3a52f99a937740ba57f3d0e81"},
]

[metadata]
lock-version = "2.0"
python-versions = "^3.12"
content-hash = "c87acbfbbe839ec7dca46bcfa5c557677bb555c1e61394d9def5be79a5be1cce"
